
Microsoft Visual Studio Solution File, Format Version 12.00
# Visual Studio 15
VisualStudioVersion = 15.0.28010.2026
MinimumVisualStudioVersion = 10.0.40219.1
Project("{FAE04EC0-301F-11D3-BF4B-00C04F79EFBC}") = "Introduction", "Introduction\Introduction.csproj", "{012CDC29-4C88-4C83-B36B-2CE07C63BF15}"
EndProject
Project("{FAE04EC0-301F-11D3-BF4B-00C04F79EFBC}") = "LanguageFeatures", "LanguageFeatures\LanguageFeatures.csproj", "{890497DE-F6F4-4DD3-82D9-2001BD38AE4D}"
EndProject
Project("{FAE04EC0-301F-11D3-BF4B-00C04F79EFBC}") = "LinqQueries", "LinqQueries\LinqQueries.csproj", "{BB4EFBB1-620A-4F69-98A5-908F93F94835}"
EndProject
Global
	GlobalSection(SolutionConfigurationPlatforms) = preSolution
		Debug|Any CPU = Debug|Any CPU
		Release|Any CPU = Release|Any CPU
	EndGlobalSection
	GlobalSection(ProjectConfigurationPlatforms) = postSolution
		{012CDC29-4C88-4C83-B36B-2CE07C63BF15}.Debug|Any CPU.ActiveCfg = Debug|Any CPU
		{012CDC29-4C88-4C83-B36B-2CE07C63BF15}.Debug|Any CPU.Build.0 = Debug|Any CPU
		{012CDC29-4C88-4C83-B36B-2CE07C63BF15}.Release|Any CPU.ActiveCfg = Release|Any CPU
		{012CDC29-4C88-4C83-B36B-2CE07C63BF15}.Release|Any CPU.Build.0 = Release|Any CPU
		{890497DE-F6F4-4DD3-82D9-2001BD38AE4D}.Debug|Any CPU.ActiveCfg = Debug|Any CPU
		{890497DE-F6F4-4DD3-82D9-2001BD38AE4D}.Debug|Any CPU.Build.0 = Debug|Any CPU
		{890497DE-F6F4-4DD3-82D9-2001BD38AE4D}.Release|Any CPU.ActiveCfg = Release|Any CPU
		{890497DE-F6F4-4DD3-82D9-2001BD38AE4D}.Release|Any CPU.Build.0 = Release|Any CPU
		{BB4EFBB1-620A-4F69-98A5-908F93F94835}.Debug|Any CPU.ActiveCfg = Debug|Any CPU
		{BB4EFBB1-620A-4F69-98A5-908F93F94835}.Debug|Any CPU.Build.0 = Debug|Any CPU
		{BB4EFBB1-620A-4F69-98A5-908F93F94835}.Release|Any CPU.ActiveCfg = Release|Any CPU
		{BB4EFBB1-620A-4F69-98A5-908F93F94835}.Release|Any CPU.Build.0 = Release|Any CPU
	EndGlobalSection
	GlobalSection(SolutionProperties) = preSolution
		HideSolutionNode = FALSE
	EndGlobalSection
	GlobalSection(ExtensibilityGlobals) = postSolution
		SolutionGuid = {E8154308-61B8-407E-8610-15D368D308A7}
	EndGlobalSection
EndGlobal
